
Microsoft Visual Studio Solution File, Format Version 12.00
# Visual Studio Version 17
VisualStudioVersion = 17.9.34616.47
MinimumVisualStudioVersion = 10.0.40219.1
Project("{FAE04EC0-301F-11D3-BF4B-00C04F79EFBC}") = "FoodOrderingAPI", "FoodOrderingAPI\FoodOrderingAPI.csproj", "{5B1EF3DC-B20C-44C6-BE4A-0A815058AFD4}"
EndProject
Project("{FAE04EC0-301F-11D3-BF4B-00C04F79EFBC}") = "FoodOrderingAPITests", "FoodOrderingAPITests\FoodOrderingAPITests.csproj", "{6CFA7B83-F6AE-4C41-B70B-060DD79EB0B5}"
EndProject
Global
	GlobalSection(SolutionConfigurationPlatforms) = preSolution
		Debug|Any CPU = Debug|Any CPU
		Release|Any CPU = Release|Any CPU
	EndGlobalSection
	GlobalSection(ProjectConfigurationPlatforms) = postSolution
		{5B1EF3DC-B20C-44C6-BE4A-0A815058AFD4}.Debug|Any CPU.ActiveCfg = Debug|Any CPU
		{5B1EF3DC-B20C-44C6-BE4A-0A815058AFD4}.Debug|Any CPU.Build.0 = Debug|Any CPU
		{5B1EF3DC-B20C-44C6-BE4A-0A815058AFD4}.Release|Any CPU.ActiveCfg = Release|Any CPU
		{5B1EF3DC-B20C-44C6-BE4A-0A815058AFD4}.Release|Any CPU.Build.0 = Release|Any CPU
		{6CFA7B83-F6AE-4C41-B70B-060DD79EB0B5}.Debug|Any CPU.ActiveCfg = Debug|Any CPU
		{6CFA7B83-F6AE-4C41-B70B-060DD79EB0B5}.Debug|Any CPU.Build.0 = Debug|Any CPU
		{6CFA7B83-F6AE-4C41-B70B-060DD79EB0B5}.Release|Any CPU.ActiveCfg = Release|Any CPU
		{6CFA7B83-F6AE-4C41-B70B-060DD79EB0B5}.Release|Any CPU.Build.0 = Release|Any CPU
	EndGlobalSection
	GlobalSection(SolutionProperties) = preSolution
		HideSolutionNode = FALSE
	EndGlobalSection
	GlobalSection(ExtensibilityGlobals) = postSolution
		SolutionGuid = {6A75F60F-CA9F-4932-9978-74D1F3264B1E}
	EndGlobalSection
EndGlobal
